// !$*UTF8*$!
{
	archiveVersion = 1;
	classes = {
	};
	objectVersion = 55;
	objects = {

/* Begin PBXBuildFile section */
		2526ECB2284A305800D8D9BB /* OurNewsApp.swift in Sources */ = {isa = PBXBuildFile; fileRef = 2526ECB1284A305800D8D9BB /* OurNewsApp.swift */; };
		2526ECB4284A305800D8D9BB /* ContentView.swift in Sources */ = {isa = PBXBuildFile; fileRef = 2526ECB3284A305800D8D9BB /* ContentView.swift */; };
		2526ECB6284A305B00D8D9BB /* Assets.xcassets in Resources */ = {isa = PBXBuildFile; fileRef = 2526ECB5284A305B00D8D9BB /* Assets.xcassets */; };
		2526ECB9284A305B00D8D9BB /* Preview Assets.xcassets in Resources */ = {isa = PBXBuildFile; fileRef = 2526ECB8284A305B00D8D9BB /* Preview Assets.xcassets */; };
		2526ECC1284A346D00D8D9BB /* NewsService.swift in Sources */ = {isa = PBXBuildFile; fileRef = 2526ECC0284A346D00D8D9BB /* NewsService.swift */; };
		2526ECC4284A355400D8D9BB /* Article.swift in Sources */ = {isa = PBXBuildFile; fileRef = 2526ECC3284A355300D8D9BB /* Article.swift */; };
		2526ECC6284A35B100D8D9BB /* NewsResponse.swift in Sources */ = {isa = PBXBuildFile; fileRef = 2526ECC5284A35B100D8D9BB /* NewsResponse.swift */; };
		2526ECC8284A393E00D8D9BB /* NetworkResult.swift in Sources */ = {isa = PBXBuildFile; fileRef = 2526ECC7284A393E00D8D9BB /* NetworkResult.swift */; };
		25AC2756284B2A5100090469 /* NewsListViewModel.swift in Sources */ = {isa = PBXBuildFile; fileRef = 25AC2755284B2A5100090469 /* NewsListViewModel.swift */; };
/* End PBXBuildFile section */

/* Begin PBXFileReference section */
		2526ECAE284A305800D8D9BB /* OurNews.app */ = {isa = PBXFileReference; explicitFileType = wrapper.application; includeInIndex = 0; path = OurNews.app; sourceTree = BUILT_PRODUCTS_DIR; };
		2526ECB1284A305800D8D9BB /* OurNewsApp.swift */ = {isa = PBXFileReference; lastKnownFileType = sourcecode.swift; path = OurNewsApp.swift; sourceTree = "<group>"; };
		2526ECB3284A305800D8D9BB /* ContentView.swift */ = {isa = PBXFileReference; lastKnownFileType = sourcecode.swift; path = ContentView.swift; sourceTree = "<group>"; };
		2526ECB5284A305B00D8D9BB /* Assets.xcassets */ = {isa = PBXFileReference; lastKnownFileType = folder.assetcatalog; path = Assets.xcassets; sourceTree = "<group>"; };
		2526ECB8284A305B00D8D9BB /* Preview Assets.xcassets */ = {isa = PBXFileReference; lastKnownFileType = folder.assetcatalog; path = "Preview Assets.xcassets"; sourceTree = "<group>"; };
		2526ECC0284A346D00D8D9BB /* NewsService.swift */ = {isa = PBXFileReference; lastKnownFileType = sourcecode.swift; path = NewsService.swift; sourceTree = "<group>"; };
		2526ECC3284A355300D8D9BB /* Article.swift */ = {isa = PBXFileReference; lastKnownFileType = sourcecode.swift; path = Article.swift; sourceTree = "<group>"; };
		2526ECC5284A35B100D8D9BB /* NewsResponse.swift */ = {isa = PBXFileReference; lastKnownFileType = sourcecode.swift; path = NewsResponse.swift; sourceTree = "<group>"; };
		2526ECC7284A393E00D8D9BB /* NetworkResult.swift */ = {isa = PBXFileReference; lastKnownFileType = sourcecode.swift; path = NetworkResult.swift; sourceTree = "<group>"; };
		25AC2755284B2A5100090469 /* NewsListViewModel.swift */ = {isa = PBXFileReference; lastKnownFileType = sourcecode.swift; path = NewsListViewModel.swift; sourceTree = "<group>"; };
/* End PBXFileReference section */

/* Begin PBXFrameworksBuildPhase section */
		2526ECAB284A305800D8D9BB /* Frameworks */ = {
			isa = PBXFrameworksBuildPhase;
			buildActionMask = 2147483647;
			files = (
			);
			runOnlyForDeploymentPostprocessing = 0;
		};
/* End PBXFrameworksBuildPhase section */

/* Begin PBXGroup section */
		2526ECA5284A305800D8D9BB = {
			isa = PBXGroup;
			children = (
				2526ECB0284A305800D8D9BB /* OurNews */,
				2526ECAF284A305800D8D9BB /* Products */,
			);
			sourceTree = "<group>";
		};
		2526ECAF284A305800D8D9BB /* Products */ = {
			isa = PBXGroup;
			children = (
				2526ECAE284A305800D8D9BB /* OurNews.app */,
			);
			name = Products;
			sourceTree = "<group>";
		};
		2526ECB0284A305800D8D9BB /* OurNews */ = {
			isa = PBXGroup;
			children = (
				25AC2754284B29E300090469 /* source */,
				2526ECC2284A354700D8D9BB /* model */,
				2526ECBF284A344A00D8D9BB /* network */,
				2526ECB1284A305800D8D9BB /* OurNewsApp.swift */,
				2526ECB3284A305800D8D9BB /* ContentView.swift */,
				2526ECB5284A305B00D8D9BB /* Assets.xcassets */,
				2526ECB7284A305B00D8D9BB /* Preview Content */,
				25AC2755284B2A5100090469 /* NewsListViewModel.swift */,
			);
			path = OurNews;
			sourceTree = "<group>";
		};
		2526ECB7284A305B00D8D9BB /* Preview Content */ = {
			isa = PBXGroup;
			children = (
				2526ECB8284A305B00D8D9BB /* Preview Assets.xcassets */,
			);
			path = "Preview Content";
			sourceTree = "<group>";
		};
		2526ECBF284A344A00D8D9BB /* network */ = {
			isa = PBXGroup;
			children = (
				2526ECC0284A346D00D8D9BB /* NewsService.swift */,
				2526ECC7284A393E00D8D9BB /* NetworkResult.swift */,
			);
			path = network;
			sourceTree = "<group>";
		};
		2526ECC2284A354700D8D9BB /* model */ = {
			isa = PBXGroup;
			children = (
				2526ECC3284A355300D8D9BB /* Article.swift */,
				2526ECC5284A35B100D8D9BB /* NewsResponse.swift */,
			);
			path = model;
			sourceTree = "<group>";
		};
		25AC2754284B29E300090469 /* source */ = {
			isa = PBXGroup;
			children = (
			);
			path = source;
			sourceTree = "<group>";
		};
/* End PBXGroup section */

/* Begin PBXNativeTarget section */
		2526ECAD284A305800D8D9BB /* OurNews */ = {
			isa = PBXNativeTarget;
			buildConfigurationList = 2526ECBC284A305B00D8D9BB /* Build configuration list for PBXNativeTarget "OurNews" */;
			buildPhases = (
				2526ECAA284A305800D8D9BB /* Sources */,
				2526ECAB284A305800D8D9BB /* Frameworks */,
				2526ECAC284A305800D8D9BB /* Resources */,
			);
			buildRules = (
			);
			dependencies = (
			);
			name = OurNews;
			productName = OurNews;
			productReference = 2526ECAE284A305800D8D9BB /* OurNews.app */;
			productType = "com.apple.product-type.application";
		};
/* End PBXNativeTarget section */

/* Begin PBXProject section */
		2526ECA6284A305800D8D9BB /* Project object */ = {
			isa = PBXProject;
			attributes = {
				BuildIndependentTargetsInParallel = 1;
				LastSwiftUpdateCheck = 1340;
				LastUpgradeCheck = 1340;
				TargetAttributes = {
					2526ECAD284A305800D8D9BB = {
						CreatedOnToolsVersion = 13.4;
					};
				};
			};
			buildConfigurationList = 2526ECA9284A305800D8D9BB /* Build configuration list for PBXProject "OurNews" */;
			compatibilityVersion = "Xcode 13.0";
			developmentRegion = en;
			hasScannedForEncodings = 0;
			knownRegions = (
				en,
				Base,
			);
			mainGroup = 2526ECA5284A305800D8D9BB;
			productRefGroup = 2526ECAF284A305800D8D9BB /* Products */;
			projectDirPath = "";
			projectRoot = "";
			targets = (
				2526ECAD284A305800D8D9BB /* OurNews */,
			);
		};
/* End PBXProject section */

/* Begin PBXResourcesBuildPhase section */
		2526ECAC284A305800D8D9BB /* Resources */ = {
			isa = PBXResourcesBuildPhase;
			buildActionMask = 2147483647;
			files = (
				2526ECB9284A305B00D8D9BB /* Preview Assets.xcassets in Resources */,
				2526ECB6284A305B00D8D9BB /* Assets.xcassets in Resources */,
			);
			runOnlyForDeploymentPostprocessing = 0;
		};
/* End PBXResourcesBuildPhase section */

/* Begin PBXSourcesBuildPhase section */
		2526ECAA284A305800D8D9BB /* Sources */ = {
			isa = PBXSourcesBuildPhase;
			buildActionMask = 2147483647;
			files = (
				2526ECC4284A355400D8D9BB /* Article.swift in Sources */,
				25AC2756284B2A5100090469 /* NewsListViewModel.swift in Sources */,
				2526ECC6284A35B100D8D9BB /* NewsResponse.swift in Sources */,
				2526ECC1284A346D00D8D9BB /* NewsService.swift in Sources */,
				2526ECC8284A393E00D8D9BB /* NetworkResult.swift in Sources */,
				2526ECB4284A305800D8D9BB /* ContentView.swift in Sources */,
				2526ECB2284A305800D8D9BB /* OurNewsApp.swift in Sources */,
			);
			runOnlyForDeploymentPostprocessing = 0;
		};
/* End PBXSourcesBuildPhase section */

/* Begin XCBuildConfiguration section */
		2526ECBA284A305B00D8D9BB /* Debug */ = {
			isa = XCBuildConfiguration;
			buildSettings = {
				ALWAYS_SEARCH_USER_PATHS = NO;
				CLANG_ANALYZER_NONNULL = YES;
				CLANG_ANALYZER_NUMBER_OBJECT_CONVERSION = YES_AGGRESSIVE;
				CLANG_CXX_LANGUAGE_STANDARD = "gnu++17";
				CLANG_ENABLE_MODULES = YES;
				CLANG_ENABLE_OBJC_ARC = YES;
				CLANG_ENABLE_OBJC_WEAK = YES;
				CLANG_WARN_BLOCK_CAPTURE_AUTORELEASING = YES;
				CLANG_WARN_BOOL_CONVERSION = YES;
				CLANG_WARN_COMMA = YES;
				CLANG_WARN_CONSTANT_CONVERSION = YES;
				CLANG_WARN_DEPRECATED_OBJC_IMPLEMENTATIONS = YES;
				CLANG_WARN_DIRECT_OBJC_ISA_USAGE = YES_ERROR;
				CLANG_WARN_DOCUMENTATION_COMMENTS = YES;
				CLANG_WARN_EMPTY_BODY = YES;
				CLANG_WARN_ENUM_CONVERSION = YES;
				CLANG_WARN_INFINITE_RECURSION = YES;
				CLANG_WARN_INT_CONVERSION = YES;
				CLANG_WARN_NON_LITERAL_NULL_CONVERSION = YES;
				CLANG_WARN_OBJC_IMPLICIT_RETAIN_SELF = YES;
				CLANG_WARN_OBJC_LITERAL_CONVERSION = YES;
				CLANG_WARN_OBJC_ROOT_CLASS = YES_ERROR;
				CLANG_WARN_QUOTED_INCLUDE_IN_FRAMEWORK_HEADER = YES;
				CLANG_WARN_RANGE_LOOP_ANALYSIS = YES;
				CLANG_WARN_STRICT_PROTOTYPES = YES;
				CLANG_WARN_SUSPICIOUS_MOVE = YES;
				CLANG_WARN_UNGUARDED_AVAILABILITY = YES_AGGRESSIVE;
				CLANG_WARN_UNREACHABLE_CODE = YES;
				CLANG_WARN__DUPLICATE_METHOD_MATCH = YES;
				COPY_PHASE_STRIP = NO;
				DEBUG_INFORMATION_FORMAT = dwarf;
				ENABLE_STRICT_OBJC_MSGSEND = YES;
				ENABLE_TESTABILITY = YES;
				GCC_C_LANGUAGE_STANDARD = gnu11;
				GCC_DYNAMIC_NO_PIC = NO;
				GCC_NO_COMMON_BLOCKS = YES;
				GCC_OPTIMIZATION_LEVEL = 0;
				GCC_PREPROCESSOR_DEFINITIONS = (
					"DEBUG=1",
					"$(inherited)",
				);
				GCC_WARN_64_TO_32_BIT_CONVERSION = YES;
				GCC_WARN_ABOUT_RETURN_TYPE = YES_ERROR;
				GCC_WARN_UNDECLARED_SELECTOR = YES;
				GCC_WARN_UNINITIALIZED_AUTOS = YES_AGGRESSIVE;
				GCC_WARN_UNUSED_FUNCTION = YES;
				GCC_WARN_UNUSED_VARIABLE = YES;
				IPHONEOS_DEPLOYMENT_TARGET = 15.5;
				MTL_ENABLE_DEBUG_INFO = INCLUDE_SOURCE;
				MTL_FAST_MATH = YES;
				ONLY_ACTIVE_ARCH = YES;
				SDKROOT = iphoneos;
				SWIFT_ACTIVE_COMPILATION_CONDITIONS = DEBUG;
				SWIFT_OPTIMIZATION_LEVEL = "-Onone";
			};
			name = Debug;
		};
		2526ECBB284A305B00D8D9BB /* Release */ = {
			isa = XCBuildConfiguration;
			buildSettings = {
				ALWAYS_SEARCH_USER_PATHS = NO;
				CLANG_ANALYZER_NONNULL = YES;
				CLANG_ANALYZER_NUMBER_OBJECT_CONVERSION = YES_AGGRESSIVE;
				CLANG_CXX_LANGUAGE_STANDARD = "gnu++17";
				CLANG_ENABLE_MODULES = YES;
				CLANG_ENABLE_OBJC_ARC = YES;
				CLANG_ENABLE_OBJC_WEAK = YES;
				CLANG_WARN_BLOCK_CAPTURE_AUTORELEASING = YES;
				CLANG_WARN_BOOL_CONVERSION = YES;
				CLANG_WARN_COMMA = YES;
				CLANG_WARN_CONSTANT_CONVERSION = YES;
				CLANG_WARN_DEPRECATED_OBJC_IMPLEMENTATIONS = YES;
				CLANG_WARN_DIRECT_OBJC_ISA_USAGE = YES_ERROR;
				CLANG_WARN_DOCUMENTATION_COMMENTS = YES;
				CLANG_WARN_EMPTY_BODY = YES;
				CLANG_WARN_ENUM_CONVERSION = YES;
				CLANG_WARN_INFINITE_RECURSION = YES;
				CLANG_WARN_INT_CONVERSION = YES;
				CLANG_WARN_NON_LITERAL_NULL_CONVERSION = YES;
				CLANG_WARN_OBJC_IMPLICIT_RETAIN_SELF = YES;
				CLANG_WARN_OBJC_LITERAL_CONVERSION = YES;
				CLANG_WARN_OBJC_ROOT_CLASS = YES_ERROR;
				CLANG_WARN_QUOTED_INCLUDE_IN_FRAMEWORK_HEADER = YES;
				CLANG_WARN_RANGE_LOOP_ANALYSIS = YES;
				CLANG_WARN_STRICT_PROTOTYPES = YES;
				CLANG_WARN_SUSPICIOUS_MOVE = YES;
				CLANG_WARN_UNGUARDED_AVAILABILITY = YES_AGGRESSIVE;
				CLANG_WARN_UNREACHABLE_CODE = YES;
				CLANG_WARN__DUPLICATE_METHOD_MATCH = YES;
				COPY_PHASE_STRIP = NO;
				DEBUG_INFORMATION_FORMAT = "dwarf-with-dsym";
				ENABLE_NS_ASSERTIONS = NO;
				ENABLE_STRICT_OBJC_MSGSEND = YES;
				GCC_C_LANGUAGE_STANDARD = gnu11;
				GCC_NO_COMMON_BLOCKS = YES;
				GCC_WARN_64_TO_32_BIT_CONVERSION = YES;
				GCC_WARN_ABOUT_RETURN_TYPE = YES_ERROR;
				GCC_WARN_UNDECLARED_SELECTOR = YES;
				GCC_WARN_UNINITIALIZED_AUTOS = YES_AGGRESSIVE;
				GCC_WARN_UNUSED_FUNCTION = YES;
				GCC_WARN_UNUSED_VARIABLE = YES;
				IPHONEOS_DEPLOYMENT_TARGET = 15.5;
				MTL_ENABLE_DEBUG_INFO = NO;
				MTL_FAST_MATH = YES;
				SDKROOT = iphoneos;
				SWIFT_COMPILATION_MODE = wholemodule;
				SWIFT_OPTIMIZATION_LEVEL = "-O";
				VALIDATE_PRODUCT = YES;
			};
			name = Release;
		};
		2526ECBD284A305B00D8D9BB /* Debug */ = {
			isa = XCBuildConfiguration;
			buildSettings = {
				ASSETCATALOG_COMPILER_APPICON_NAME = AppIcon;
				ASSETCATALOG_COMPILER_GLOBAL_ACCENT_COLOR_NAME = AccentColor;
				CODE_SIGN_STYLE = Automatic;
				CURRENT_PROJECT_VERSION = 1;
				DEVELOPMENT_ASSET_PATHS = "\"OurNews/Preview Content\"";
				DEVELOPMENT_TEAM = XRBURAW4UP;
				ENABLE_PREVIEWS = YES;
				GENERATE_INFOPLIST_FILE = YES;
				INFOPLIST_KEY_UIApplicationSceneManifest_Generation = YES;
				INFOPLIST_KEY_UIApplicationSupportsIndirectInputEvents = YES;
				INFOPLIST_KEY_UILaunchScreen_Generation = YES;
				INFOPLIST_KEY_UISupportedInterfaceOrientations_iPad = "UIInterfaceOrientationPortrait UIInterfaceOrientationPortraitUpsideDown UIInterfaceOrientationLandscapeLeft UIInterfaceOrientationLandscapeRight";
				INFOPLIST_KEY_UISupportedInterfaceOrientations_iPhone = "UIInterfaceOrientationPortrait UIInterfaceOrientationLandscapeLeft UIInterfaceOrientationLandscapeRight";
				LD_RUNPATH_SEARCH_PATHS = (
					"$(inherited)",
					"@executable_path/Frameworks",
				);
				MARKETING_VERSION = 1.0;
				PRODUCT_BUNDLE_IDENTIFIER = com.mu.jan.OurNews;
				PRODUCT_NAME = "$(TARGET_NAME)";
				SWIFT_EMIT_LOC_STRINGS = YES;
				SWIFT_VERSION = 5.0;
				TARGETED_DEVICE_FAMILY = "1,2";
			};
			name = Debug;
		};
		2526ECBE284A305B00D8D9BB /* Release */ = {
			isa = XCBuildConfiguration;
			buildSettings = {
				ASSETCATALOG_COMPILER_APPICON_NAME = AppIcon;
				ASSETCATALOG_COMPILER_GLOBAL_ACCENT_COLOR_NAME = AccentColor;
				CODE_SIGN_STYLE = Automatic;
				CURRENT_PROJECT_VERSION = 1;
				DEVELOPMENT_ASSET_PATHS = "\"OurNews/Preview Content\"";
				DEVELOPMENT_TEAM = XRBURAW4UP;
				ENABLE_PREVIEWS = YES;
				GENERATE_INFOPLIST_FILE = YES;
				INFOPLIST_KEY_UIApplicationSceneManifest_Generation = YES;
				INFOPLIST_KEY_UIApplicationSupportsIndirectInputEvents = YES;
				INFOPLIST_KEY_UILaunchScreen_Generation = YES;
				INFOPLIST_KEY_UISupportedInterfaceOrientations_iPad = "UIInterfaceOrientationPortrait UIInterfaceOrientationPortraitUpsideDown UIInterfaceOrientationLandscapeLeft UIInterfaceOrientationLandscapeRight";
				INFOPLIST_KEY_UISupportedInterfaceOrientations_iPhone = "UIInterfaceOrientationPortrait UIInterfaceOrientationLandscapeLeft UIInterfaceOrientationLandscapeRight";
				LD_RUNPATH_SEARCH_PATHS = (
					"$(inherited)",
					"@executable_path/Frameworks",
				);
				MARKETING_VERSION = 1.0;
				PRODUCT_BUNDLE_IDENTIFIER = com.mu.jan.OurNews;
				PRODUCT_NAME = "$(TARGET_NAME)";
				SWIFT_EMIT_LOC_STRINGS = YES;
				SWIFT_VERSION = 5.0;
				TARGETED_DEVICE_FAMILY = "1,2";
			};
			name = Release;
		};
/* End XCBuildConfiguration section */

/* Begin XCConfigurationList section */
		2526ECA9284A305800D8D9BB /* Build configuration list for PBXProject "OurNews" */ = {
			isa = XCConfigurationList;
			buildConfigurations = (
				2526ECBA284A305B00D8D9BB /* Debug */,
				2526ECBB284A305B00D8D9BB /* Release */,
			);
			defaultConfigurationIsVisible = 0;
			defaultConfigurationName = Release;
		};
		2526ECBC284A305B00D8D9BB /* Build configuration list for PBXNativeTarget "OurNews" */ = {
			isa = XCConfigurationList;
			buildConfigurations = (
				2526ECBD284A305B00D8D9BB /* Debug */,
				2526ECBE284A305B00D8D9BB /* Release */,
			);
			defaultConfigurationIsVisible = 0;
			defaultConfigurationName = Release;
		};
/* End XCConfigurationList section */
	};
	rootObject = 2526ECA6284A305800D8D9BB /* Project object */;
}
